{
  "lockfile_version": "1",
  "packages": {
    "deno@latest": {
      "last_modified": "2026-05-14T12:36:40Z",
      "resolved": "github:NixOS/nixpkgs/27198194e52129ccd8e845e7d5911911e7fea7d7#deno",
      "source": "devbox-search",
      "version": "2.7.14",
      "systems": {
        "aarch64-darwin": {
          "outputs": [
            {
              "name": "out",
              "path": "/nix/store/9n0pwbzjcqvsk7xrcqi6hbc82y9w5qvw-deno-2.7.14",
              "default": true
            }
          ],
          "store_path": "/nix/store/9n0pwbzjcqvsk7xrcqi6hbc82y9w5qvw-deno-2.7.14"
        },
        "aarch64-linux": {
          "outputs": [
            {
              "name": "out",
              "path": "/nix/store/i5xncnj5057k755gn4zqvvqh25ncv489-deno-2.7.14",
              "default": true
            }
          ],
          "store_path": "/nix/store/i5xncnj5057k755gn4zqvvqh25ncv489-deno-2.7.14"
        },
        "x86_64-darwin": {
          "outputs": [
            {
              "name": "out",
              "path": "/nix/store/0fmv28819fwdj4xnp9rzaj6lnbmhyydd-deno-2.7.14",
              "default": true
            }
          ],
          "store_path": "/nix/store/0fmv28819fwdj4xnp9rzaj6lnbmhyydd-deno-2.7.14"
        },
        "x86_64-linux": {
          "outputs": [
            {
              "name": "out",
              "path": "/nix/store/yxa361y5bijcbbigi5ijsy3lv40hx513-deno-2.7.14",
              "default": true
            }
          ],
          "store_path": "/nix/store/yxa361y5bijcbbigi5ijsy3lv40hx513-deno-2.7.14"
        }
      }
    },
    "github:NixOS/nixpkgs/nixpkgs-unstable": {
      "last_modified": "2026-05-15T18:21:44Z",
      "resolved": "github:NixOS/nixpkgs/d233902339c02a9c334e7e593de68855ad26c4cb?lastModified=1778869304"
    },
    "go@latest": {
      "last_modified": "2026-04-23T13:07:47Z",
      "resolved": "github:NixOS/nixpkgs/01fbdeef22b76df85ea168fbfe1bfd9e63681b30#go",
      "source": "devbox-search",
      "version": "1.26.2",
      "systems": {
        "aarch64-darwin": {
          "outputs": [
            {
              "name": "out",
              "path": "/nix/store/fkzywh7rg8lg1n2p0r161iqjwhz540wx-go-1.26.2",
              "default": true
            }
          ],
          "store_path": "/nix/store/fkzywh7rg8lg1n2p0r161iqjwhz540wx-go-1.26.2"
        },
        "aarch64-linux": {
          "outputs": [
            {
              "name": "out",
              "path": "/nix/store/w4i7p78y3735jcy69sk4lcy9zyxr0cav-go-1.26.2",
              "default": true
            }
          ],
          "store_path": "/nix/store/w4i7p78y3735jcy69sk4lcy9zyxr0cav-go-1.26.2"
        },
        "x86_64-darwin": {
          "outputs": [
            {
              "name": "out",
              "path": "/nix/store/g0b45l45nlb1kqiywzja7fh49yn7lla5-go-1.26.2",
              "default": true
            }
          ],
          "store_path": "/nix/store/g0b45l45nlb1kqiywzja7fh49yn7lla5-go-1.26.2"
        },
        "x86_64-linux": {
          "outputs": [
            {
              "name": "out",
              "path": "/nix/store/dimnagks1qsp7180yw74z0npp7z2ihs3-go-1.26.2",
              "default": true
            }
          ],
          "store_path": "/nix/store/dimnagks1qsp7180yw74z0npp7z2ihs3-go-1.26.2"
        }
      }
    },
    "just@latest": {
      "last_modified": "2026-05-12T01:56:55Z",
      "resolved": "github:NixOS/nixpkgs/0a0bf409f3593f415d0a554f33acc63dc7dccb43#just",
      "source": "devbox-search",
      "version": "1.51.0",
      "systems": {
        "aarch64-darwin": {
          "outputs": [
            {
              "name": "out",
              "path": "/nix/store/c9vv24f9bdnhnms10nwijn6q8wjz00ak-just-1.51.0",
              "default": true
            },
            {
              "name": "man",
              "path": "/nix/store/lxfs1naxd1a3934y9xsd1kid5yyw7jbn-just-1.51.0-man",
              "default": true
            },
            {
              "name": "doc",
              "path": "/nix/store/c8jdzd2s7hbldm1q1glrjisavxy1vf54-just-1.51.0-doc"
            }
          ],
          "store_path": "/nix/store/c9vv24f9bdnhnms10nwijn6q8wjz00ak-just-1.51.0"
        },
        "aarch64-linux": {
          "outputs": [
            {
              "name": "out",
              "path": "/nix/store/ljwadwqsib4zd6nvg6xi5rnzah9ad2q4-just-1.51.0",
              "default": true
            },
            {
              "name": "man",
              "path": "/nix/store/5m9rgkzibz19za2nmn83y9l5gsy2z1yh-just-1.51.0-man",
              "default": true
            },
            {
              "name": "doc",
              "path": "/nix/store/q80cv2gjn2q640fvsqgdj6ap2iihxwg9-just-1.51.0-doc"
            }
          ],
          "store_path": "/nix/store/ljwadwqsib4zd6nvg6xi5rnzah9ad2q4-just-1.51.0"
        },
        "x86_64-darwin": {
          "outputs": [
            {
              "name": "out",
              "path": "/nix/store/w0capgph40qykn19a9ghv38fjf06gg97-just-1.51.0",
              "default": true
            },
            {
              "name": "man",
              "path": "/nix/store/97jyxj8d9d4qjq25681ng88jnbdak1dx-just-1.51.0-man",
              "default": true
            },
            {
              "name": "doc",
              "path": "/nix/store/p8pb01d5w82lf8z0ah4kcc6ziwfvxfkr-just-1.51.0-doc"
            }
          ],
          "store_path": "/nix/store/w0capgph40qykn19a9ghv38fjf06gg97-just-1.51.0"
        },
        "x86_64-linux": {
          "outputs": [
            {
              "name": "out",
              "path": "/nix/store/zn7n9xnw5vx6cqf1az8b8p1pfsmrl9vw-just-1.51.0",
              "default": true
            },
            {
              "name": "man",
              "path": "/nix/store/mgc1wdhgkc9246s9a52j17ymw4745bal-just-1.51.0-man",
              "default": true
            },
            {
              "name": "doc",
              "path": "/nix/store/mkdym7bscwpn6y6dvzrblm5p87q9c2g0-just-1.51.0-doc"
            }
          ],
          "store_path": "/nix/store/zn7n9xnw5vx6cqf1az8b8p1pfsmrl9vw-just-1.51.0"
        }
      }
    },
    "nixfmt@latest": {
      "last_modified": "2026-04-23T13:07:47Z",
      "resolved": "github:NixOS/nixpkgs/01fbdeef22b76df85ea168fbfe1bfd9e63681b30#nixfmt",
      "source": "devbox-search",
      "version": "1.2.0",
      "systems": {
        "aarch64-darwin": {
          "outputs": [
            {
              "name": "out",
              "path": "/nix/store/cn0f42d8p48g718nh2zsgl96zjx207hi-nixfmt-1.2.0",
              "default": true
            }
          ],
          "store_path": "/nix/store/cn0f42d8p48g718nh2zsgl96zjx207hi-nixfmt-1.2.0"
        },
        "aarch64-linux": {
          "outputs": [
            {
              "name": "out",
              "path": "/nix/store/5a6gar99j4aqhsr47v2q0j1h0aw5dzbw-nixfmt-1.2.0",
              "default": true
            }
          ],
          "store_path": "/nix/store/5a6gar99j4aqhsr47v2q0j1h0aw5dzbw-nixfmt-1.2.0"
        },
        "x86_64-darwin": {
          "outputs": [
            {
              "name": "out",
              "path": "/nix/store/xva48k43j2r9kd2wnhjfrarvx0cqg1lg-nixfmt-1.2.0",
              "default": true
            }
          ],
          "store_path": "/nix/store/xva48k43j2r9kd2wnhjfrarvx0cqg1lg-nixfmt-1.2.0"
        },
        "x86_64-linux": {
          "outputs": [
            {
              "name": "out",
              "path": "/nix/store/7ps5j106c8a61imxfx85kcflmvbc344s-nixfmt-1.2.0",
              "default": true
            }
          ],
          "store_path": "/nix/store/7ps5j106c8a61imxfx85kcflmvbc344s-nixfmt-1.2.0"
        }
      }
    },
    "pnpm@latest": {
      "last_modified": "2026-05-13T11:46:26Z",
      "resolved": "github:NixOS/nixpkgs/eef00dfd8a712b34af845f9350bac681b1228bd1#pnpm",
      "source": "devbox-search",
      "version": "11.1.1",
      "systems": {
        "aarch64-darwin": {
          "outputs": [
            {
              "name": "out",
              "path": "/nix/store/nyphcvd3w2mx075sr5mhm260j6m071nq-pnpm-11.1.1",
              "default": true
            }
          ],
          "store_path": "/nix/store/nyphcvd3w2mx075sr5mhm260j6m071nq-pnpm-11.1.1"
        },
        "aarch64-linux": {
          "outputs": [
            {
              "name": "out",
              "path": "/nix/store/imlfjaj2s9mlk82p8zcvwymclaqbx6y7-pnpm-11.1.1",
              "default": true
            }
          ],
          "store_path": "/nix/store/imlfjaj2s9mlk82p8zcvwymclaqbx6y7-pnpm-11.1.1"
        },
        "x86_64-darwin": {
          "outputs": [
            {
              "name": "out",
              "path": "/nix/store/d03rjbml8y5269fspkx4ivz1845gax4c-pnpm-11.1.1",
              "default": true
            }
          ],
          "store_path": "/nix/store/d03rjbml8y5269fspkx4ivz1845gax4c-pnpm-11.1.1"
        },
        "x86_64-linux": {
          "outputs": [
            {
              "name": "out",
              "path": "/nix/store/434qyla829k26ryml5d5xn4899b9w8k5-pnpm-11.1.1",
              "default": true
            }
          ],
          "store_path": "/nix/store/434qyla829k26ryml5d5xn4899b9w8k5-pnpm-11.1.1"
        }
      }
    },
    "sqld@latest": {
      "last_modified": "2026-04-23T13:07:47Z",
      "resolved": "github:NixOS/nixpkgs/01fbdeef22b76df85ea168fbfe1bfd9e63681b30#sqld",
      "source": "devbox-search",
      "version": "0.24.32",
      "systems": {
        "aarch64-darwin": {
          "outputs": [
            {
              "name": "out",
              "path": "/nix/store/yrrpbbaa4jc9zzp9a3jffnw2z1134cf7-sqld-0.24.32",
              "default": true
            }
          ],
          "store_path": "/nix/store/yrrpbbaa4jc9zzp9a3jffnw2z1134cf7-sqld-0.24.32"
        },
        "aarch64-linux": {
          "outputs": [
            {
              "name": "out",
              "path": "/nix/store/fswb0npf5asg411cnmxpksf5r3vdww7v-sqld-0.24.32",
              "default": true
            }
          ],
          "store_path": "/nix/store/fswb0npf5asg411cnmxpksf5r3vdww7v-sqld-0.24.32"
        },
        "x86_64-darwin": {
          "outputs": [
            {
              "name": "out",
              "path": "/nix/store/rl8y8cb6yyl9hnf12zsw9r2xsi73qcqv-sqld-0.24.32",
              "default": true
            }
          ],
          "store_path": "/nix/store/rl8y8cb6yyl9hnf12zsw9r2xsi73qcqv-sqld-0.24.32"
        },
        "x86_64-linux": {
          "outputs": [
            {
              "name": "out",
              "path": "/nix/store/9hwlqyh7ms9zqkbdn5h3zjm0babpziwn-sqld-0.24.32",
              "default": true
            }
          ],
          "store_path": "/nix/store/9hwlqyh7ms9zqkbdn5h3zjm0babpziwn-sqld-0.24.32"
        }
      }
    },
    "turso-cli@latest": {
      "last_modified": "2026-05-08T21:03:27Z",
      "resolved": "github:NixOS/nixpkgs/b3da656039dc7a6240f27b2ef8cc6a3ef3bccae7#turso-cli",
      "source": "devbox-search",
      "version": "1.0.23",
      "systems": {
        "aarch64-darwin": {
          "outputs": [
            {
              "name": "out",
              "path": "/nix/store/nmw2z2gi49kdxsxsp8zvm60q000s9j20-turso-cli-1.0.23",
              "default": true
            }
          ],
          "store_path": "/nix/store/nmw2z2gi49kdxsxsp8zvm60q000s9j20-turso-cli-1.0.23"
        },
        "aarch64-linux": {
          "outputs": [
            {
              "name": "out",
              "path": "/nix/store/d30kwalbfx9jllbc65p5bldpyz2r0518-turso-cli-1.0.23",
              "default": true
            }
          ],
          "store_path": "/nix/store/d30kwalbfx9jllbc65p5bldpyz2r0518-turso-cli-1.0.23"
        },
        "x86_64-darwin": {
          "outputs": [
            {
              "name": "out",
              "path": "/nix/store/acfwqdmj3f04mlbx0q08dbdaig8fpcsf-turso-cli-1.0.23",
              "default": true
            }
          ],
          "store_path": "/nix/store/acfwqdmj3f04mlbx0q08dbdaig8fpcsf-turso-cli-1.0.23"
        },
        "x86_64-linux": {
          "outputs": [
            {
              "name": "out",
              "path": "/nix/store/pf09jk22n2cvpif6b5gvjr2wkxy7q4mq-turso-cli-1.0.23",
              "default": true
            }
          ],
          "store_path": "/nix/store/pf09jk22n2cvpif6b5gvjr2wkxy7q4mq-turso-cli-1.0.23"
        }
      }
    }
  }
}
