{
  "lockfile_version": "1",
  "packages": {
    "deno@latest": {
      "last_modified": "2026-06-16T10:57:20Z",
      "resolved": "github:NixOS/nixpkgs/3e41b24abd260e8f71dbe2f5737d24122f972158#deno",
      "source": "devbox-search",
      "version": "2.8.3",
      "systems": {
        "aarch64-darwin": {
          "outputs": [
            {
              "name": "out",
              "path": "/nix/store/a9avpz7i9y2yjhmdimq719ih6wbb4s0p-deno-2.8.3",
              "default": true
            }
          ],
          "store_path": "/nix/store/a9avpz7i9y2yjhmdimq719ih6wbb4s0p-deno-2.8.3"
        },
        "aarch64-linux": {
          "outputs": [
            {
              "name": "out",
              "path": "/nix/store/k9i90jkr8z8b7jcq46q6ngiwkjn9pcsb-deno-2.8.3",
              "default": true
            }
          ],
          "store_path": "/nix/store/k9i90jkr8z8b7jcq46q6ngiwkjn9pcsb-deno-2.8.3"
        },
        "x86_64-darwin": {
          "outputs": [
            {
              "name": "out",
              "path": "/nix/store/7n23a647qf4sm4xc3xp87qdf9sf19h3s-deno-2.8.3",
              "default": true
            }
          ],
          "store_path": "/nix/store/7n23a647qf4sm4xc3xp87qdf9sf19h3s-deno-2.8.3"
        },
        "x86_64-linux": {
          "outputs": [
            {
              "name": "out",
              "path": "/nix/store/xw4ba4i58gcghzpxpx3f5ylxdv94hj07-deno-2.8.3",
              "default": true
            }
          ],
          "store_path": "/nix/store/xw4ba4i58gcghzpxpx3f5ylxdv94hj07-deno-2.8.3"
        }
      }
    },
    "github:NixOS/nixpkgs/nixpkgs-unstable": {
      "last_modified": "2026-06-23T00:43:55Z",
      "resolved": "github:NixOS/nixpkgs/89570f24e97e614aa34aa9ab1c927b6578a43775?lastModified=1782175435"
    },
    "go@latest": {
      "last_modified": "2026-05-21T08:15:18Z",
      "resolved": "github:NixOS/nixpkgs/4a29d733e8a7d5b824c3d8c958a946a9867b3eb2#go",
      "source": "devbox-search",
      "version": "1.26.3",
      "systems": {
        "aarch64-darwin": {
          "outputs": [
            {
              "name": "out",
              "path": "/nix/store/7ycp8j45iay38g9mjaxmy4jhwdsrb47y-go-1.26.3",
              "default": true
            }
          ],
          "store_path": "/nix/store/7ycp8j45iay38g9mjaxmy4jhwdsrb47y-go-1.26.3"
        },
        "aarch64-linux": {
          "outputs": [
            {
              "name": "out",
              "path": "/nix/store/jkcwcbwvhgzmxg59798z4clmj4bfv42i-go-1.26.3",
              "default": true
            }
          ],
          "store_path": "/nix/store/jkcwcbwvhgzmxg59798z4clmj4bfv42i-go-1.26.3"
        },
        "x86_64-darwin": {
          "outputs": [
            {
              "name": "out",
              "path": "/nix/store/3f2jzvxmhhlarjqxy1p7i9r5l34siz29-go-1.26.3",
              "default": true
            }
          ],
          "store_path": "/nix/store/3f2jzvxmhhlarjqxy1p7i9r5l34siz29-go-1.26.3"
        },
        "x86_64-linux": {
          "outputs": [
            {
              "name": "out",
              "path": "/nix/store/33fw5m31lfcnk4ff2f0df7j2bxnh8lgk-go-1.26.3",
              "default": true
            }
          ],
          "store_path": "/nix/store/33fw5m31lfcnk4ff2f0df7j2bxnh8lgk-go-1.26.3"
        }
      }
    },
    "just@latest": {
      "last_modified": "2026-06-22T09:00:13Z",
      "resolved": "github:NixOS/nixpkgs/b3c092d3c36d91e2f61f3dfb39a159f180a56659#just",
      "source": "devbox-search",
      "version": "1.53.0",
      "systems": {
        "aarch64-darwin": {
          "outputs": [
            {
              "name": "out",
              "path": "/nix/store/qzcfi3lhaln1gfbfp0m455lg3b253k73-just-1.53.0",
              "default": true
            },
            {
              "name": "man",
              "path": "/nix/store/3s9jx5zqmxkq06v1jmvx7afgm4c30v7b-just-1.53.0-man",
              "default": true
            },
            {
              "name": "doc",
              "path": "/nix/store/3y6gm7gdb1d4bds2i84hcsafm67gak89-just-1.53.0-doc"
            }
          ],
          "store_path": "/nix/store/qzcfi3lhaln1gfbfp0m455lg3b253k73-just-1.53.0"
        },
        "aarch64-linux": {
          "outputs": [
            {
              "name": "out",
              "path": "/nix/store/11vqnmg20rfj2l3rcdxfxdiimlh3429q-just-1.53.0",
              "default": true
            },
            {
              "name": "man",
              "path": "/nix/store/85lach9maydzka3v9gnnxd154l6c0g1f-just-1.53.0-man",
              "default": true
            },
            {
              "name": "doc",
              "path": "/nix/store/j3n0wnfnnppwvis73c07mfajg1wbhlf9-just-1.53.0-doc"
            }
          ],
          "store_path": "/nix/store/11vqnmg20rfj2l3rcdxfxdiimlh3429q-just-1.53.0"
        },
        "x86_64-darwin": {
          "outputs": [
            {
              "name": "out",
              "path": "/nix/store/2dgihfc7c755qdganrmg3ny8yslk7180-just-1.53.0",
              "default": true
            },
            {
              "name": "man",
              "path": "/nix/store/pffpwj8ciyip83hly3kjvv64w2x97x28-just-1.53.0-man",
              "default": true
            },
            {
              "name": "doc",
              "path": "/nix/store/k2z6y62d2k2g1m13fwbg7cmqd6bbxiyw-just-1.53.0-doc"
            }
          ],
          "store_path": "/nix/store/2dgihfc7c755qdganrmg3ny8yslk7180-just-1.53.0"
        },
        "x86_64-linux": {
          "outputs": [
            {
              "name": "out",
              "path": "/nix/store/ajycqj9hm5316j7rys0al2kbmyv24yzd-just-1.53.0",
              "default": true
            },
            {
              "name": "man",
              "path": "/nix/store/7x8chhvwdpsyxlz48b4by03rzqli9yag-just-1.53.0-man",
              "default": true
            },
            {
              "name": "doc",
              "path": "/nix/store/017cyxc2jx2bmsvsm4j53dz3awaaq5id-just-1.53.0-doc"
            }
          ],
          "store_path": "/nix/store/ajycqj9hm5316j7rys0al2kbmyv24yzd-just-1.53.0"
        }
      }
    },
    "nixfmt@latest": {
      "last_modified": "2026-06-01T17:55:45Z",
      "resolved": "github:NixOS/nixpkgs/4df1b885d76a54e1aa1a318f8d16fd6005b6401f#nixfmt",
      "source": "devbox-search",
      "version": "1.3.1",
      "systems": {
        "aarch64-darwin": {
          "outputs": [
            {
              "name": "out",
              "path": "/nix/store/12a6j67hqlwlhc8i9vxnj9l1dl42pqkx-nixfmt-1.3.1",
              "default": true
            }
          ],
          "store_path": "/nix/store/12a6j67hqlwlhc8i9vxnj9l1dl42pqkx-nixfmt-1.3.1"
        },
        "aarch64-linux": {
          "outputs": [
            {
              "name": "out",
              "path": "/nix/store/4hhdixw537ykqim73zl41w4x0ijr73cx-nixfmt-1.3.1",
              "default": true
            }
          ],
          "store_path": "/nix/store/4hhdixw537ykqim73zl41w4x0ijr73cx-nixfmt-1.3.1"
        },
        "x86_64-darwin": {
          "outputs": [
            {
              "name": "out",
              "path": "/nix/store/bmba9srl1ahhaw7dvq75x8s5cgnkzqli-nixfmt-1.3.1",
              "default": true
            }
          ],
          "store_path": "/nix/store/bmba9srl1ahhaw7dvq75x8s5cgnkzqli-nixfmt-1.3.1"
        },
        "x86_64-linux": {
          "outputs": [
            {
              "name": "out",
              "path": "/nix/store/sgijssgx5ylh2vhajwp98f9sbhsdwhjy-nixfmt-1.3.1",
              "default": true
            }
          ],
          "store_path": "/nix/store/sgijssgx5ylh2vhajwp98f9sbhsdwhjy-nixfmt-1.3.1"
        }
      }
    },
    "pnpm@latest": {
      "last_modified": "2026-06-23T00:43:55Z",
      "resolved": "github:NixOS/nixpkgs/89570f24e97e614aa34aa9ab1c927b6578a43775#pnpm",
      "source": "devbox-search",
      "version": "11.8.0",
      "systems": {
        "aarch64-darwin": {
          "outputs": [
            {
              "name": "out",
              "path": "/nix/store/rxq284fa3iqyl1mip86lw8pzx83w7xgb-pnpm-11.8.0",
              "default": true
            }
          ],
          "store_path": "/nix/store/rxq284fa3iqyl1mip86lw8pzx83w7xgb-pnpm-11.8.0"
        },
        "aarch64-linux": {
          "outputs": [
            {
              "name": "out",
              "path": "/nix/store/5d0qx7r13wd6l4mphf309q58bipka4n1-pnpm-11.8.0",
              "default": true
            }
          ],
          "store_path": "/nix/store/5d0qx7r13wd6l4mphf309q58bipka4n1-pnpm-11.8.0"
        },
        "x86_64-darwin": {
          "outputs": [
            {
              "name": "out",
              "path": "/nix/store/k4692lh6zpxgnln0gqqzc946pc3hn20w-pnpm-11.8.0",
              "default": true
            }
          ],
          "store_path": "/nix/store/k4692lh6zpxgnln0gqqzc946pc3hn20w-pnpm-11.8.0"
        },
        "x86_64-linux": {
          "outputs": [
            {
              "name": "out",
              "path": "/nix/store/0gy7scf0s610mncdi2xinbn16pzkr02y-pnpm-11.8.0",
              "default": true
            }
          ],
          "store_path": "/nix/store/0gy7scf0s610mncdi2xinbn16pzkr02y-pnpm-11.8.0"
        }
      }
    },
    "sqld@latest": {
      "last_modified": "2026-05-26T09:13:58Z",
      "resolved": "github:NixOS/nixpkgs/f44f7788c891fbe5542177df78374f8cdab10e8f#sqld",
      "source": "devbox-search",
      "version": "0.24.33",
      "systems": {
        "aarch64-darwin": {
          "outputs": [
            {
              "name": "out",
              "path": "/nix/store/ikag0cfxpa2rajm4rmp9jrgmx8swvhwp-sqld-0.24.33",
              "default": true
            }
          ],
          "store_path": "/nix/store/ikag0cfxpa2rajm4rmp9jrgmx8swvhwp-sqld-0.24.33"
        },
        "aarch64-linux": {
          "outputs": [
            {
              "name": "out",
              "path": "/nix/store/5y95b04jf7607lw5ymbrcn2w5sm3l7a7-sqld-0.24.33",
              "default": true
            }
          ],
          "store_path": "/nix/store/5y95b04jf7607lw5ymbrcn2w5sm3l7a7-sqld-0.24.33"
        },
        "x86_64-darwin": {
          "outputs": [
            {
              "name": "out",
              "path": "/nix/store/4nj7gq4cp1bg0l0d5r1ijsljlbl9p44k-sqld-0.24.33",
              "default": true
            }
          ],
          "store_path": "/nix/store/4nj7gq4cp1bg0l0d5r1ijsljlbl9p44k-sqld-0.24.33"
        },
        "x86_64-linux": {
          "outputs": [
            {
              "name": "out",
              "path": "/nix/store/a6a1rxaqi8m5kjapxd2pz9p1wgblp9qq-sqld-0.24.33",
              "default": true
            }
          ],
          "store_path": "/nix/store/a6a1rxaqi8m5kjapxd2pz9p1wgblp9qq-sqld-0.24.33"
        }
      }
    },
    "turso-cli@latest": {
      "last_modified": "2026-06-23T00:43:55Z",
      "resolved": "github:NixOS/nixpkgs/89570f24e97e614aa34aa9ab1c927b6578a43775#turso-cli",
      "source": "devbox-search",
      "version": "1.0.29",
      "systems": {
        "aarch64-darwin": {
          "outputs": [
            {
              "name": "out",
              "path": "/nix/store/2mx2f6hs3y52p0iv9f5m9q2qv2px16zr-turso-cli-1.0.29",
              "default": true
            }
          ],
          "store_path": "/nix/store/2mx2f6hs3y52p0iv9f5m9q2qv2px16zr-turso-cli-1.0.29"
        },
        "aarch64-linux": {
          "outputs": [
            {
              "name": "out",
              "path": "/nix/store/h2lw16jcsqm67l92cdzypxjn5hssa765-turso-cli-1.0.29",
              "default": true
            }
          ],
          "store_path": "/nix/store/h2lw16jcsqm67l92cdzypxjn5hssa765-turso-cli-1.0.29"
        },
        "x86_64-darwin": {
          "outputs": [
            {
              "name": "out",
              "path": "/nix/store/gk3msjmiivb9cjivrb88nm1y3x74iz5y-turso-cli-1.0.29",
              "default": true
            }
          ],
          "store_path": "/nix/store/gk3msjmiivb9cjivrb88nm1y3x74iz5y-turso-cli-1.0.29"
        },
        "x86_64-linux": {
          "outputs": [
            {
              "name": "out",
              "path": "/nix/store/bx0wjnfzls73zx6pqwibh6rfbrgsk3x7-turso-cli-1.0.29",
              "default": true
            }
          ],
          "store_path": "/nix/store/bx0wjnfzls73zx6pqwibh6rfbrgsk3x7-turso-cli-1.0.29"
        }
      }
    }
  }
}
