{
  "nodes": {
    "moonbit-overlay": {
      "inputs": {
        "nixpkgs": [
          "nixpkgs"
        ],
        "treefmt-nix": "treefmt-nix"
      },
      "locked": {
        "lastModified": 1784541274,
        "narHash": "sha256-jtOcz5r6V/7U89ySbicd+0SWD+LqlWrWP9Qd+GZRQuI=",
        "owner": "totto2727",
        "repo": "moonbit-overlay",
        "rev": "bdae408fa509726dd819c962c4e712cc0d0380af",
        "type": "github"
      },
      "original": {
        "owner": "totto2727",
        "repo": "moonbit-overlay",
        "type": "github"
      }
    },
    "nixpkgs": {
      "locked": {
        "lastModified": 1784497964,
        "narHash": "sha256-vlHUuqAcbcH2RKmHbPiuQzbv1pnzzavXnI62RD0bqCU=",
        "rev": "241313f4e8e508cb9b13278c2b0fa25b9ca27163",
        "revCount": 1037713,
        "type": "tarball",
        "url": "https://api.flakehub.com/f/pinned/NixOS/nixpkgs/0.1.1037713%2Brev-241313f4e8e508cb9b13278c2b0fa25b9ca27163/019f7ea2-cc7f-76e3-b0ff-0fefb2384cde/source.tar.gz"
      },
      "original": {
        "type": "tarball",
        "url": "https://flakehub.com/f/NixOS/nixpkgs/0.1"
      }
    },
    "root": {
      "inputs": {
        "moonbit-overlay": "moonbit-overlay",
        "nixpkgs": "nixpkgs",
        "vite-plus-overlay": "vite-plus-overlay"
      }
    },
    "treefmt-nix": {
      "inputs": {
        "nixpkgs": [
          "moonbit-overlay",
          "nixpkgs"
        ]
      },
      "locked": {
        "lastModified": 1780220602,
        "narHash": "sha256-eynAfOmbmxJnkp7YewvCEbShNnnYJ9gLLqkzsYtBPeM=",
        "owner": "numtide",
        "repo": "treefmt-nix",
        "rev": "db947814a175b7ca6ded66e21383d938df01c227",
        "type": "github"
      },
      "original": {
        "owner": "numtide",
        "repo": "treefmt-nix",
        "type": "github"
      }
    },
    "vite-plus-overlay": {
      "inputs": {
        "nixpkgs": [
          "nixpkgs"
        ]
      },
      "locked": {
        "lastModified": 1784531172,
        "narHash": "sha256-me88yVlhgcx1dGAhRm0OgjjBNowA/rYFOYr4vdoX8ms=",
        "owner": "ryoppippi",
        "repo": "nix-vite-plus",
        "rev": "ee08e5e2fe6a406f7f1dc8cce174deaf2490017a",
        "type": "github"
      },
      "original": {
        "owner": "ryoppippi",
        "repo": "nix-vite-plus",
        "type": "github"
      }
    }
  },
  "root": "root",
  "version": 7
}
