{
  "nodes": {
    "moonbit-overlay": {
      "inputs": {
        "nixpkgs": [
          "nixpkgs"
        ],
        "treefmt-nix": "treefmt-nix"
      },
      "locked": {
        "lastModified": 1784438763,
        "narHash": "sha256-W1OUxgLSLyP4MXCg6t353BNzWF3Ef6lBjwWAVrr2wAQ=",
        "owner": "moonbit-community",
        "repo": "moonbit-overlay",
        "rev": "0c2c2df95460589971983eed53f6265a89a53c08",
        "type": "github"
      },
      "original": {
        "owner": "moonbit-community",
        "repo": "moonbit-overlay",
        "type": "github"
      }
    },
    "nixpkgs": {
      "locked": {
        "lastModified": 1784356753,
        "narHash": "sha256-12KrbMiWLcf8m7pCvAtZh1ZrgF85ZXDXvfR/fWTKy84=",
        "rev": "61b7c44c4073f0b827768aff0049561b5110ea5a",
        "revCount": 1036777,
        "type": "tarball",
        "url": "https://api.flakehub.com/f/pinned/NixOS/nixpkgs/0.1.1036777%2Brev-61b7c44c4073f0b827768aff0049561b5110ea5a/019f755f-4937-7ed1-93d6-e2d5a2d3cca7/source.tar.gz"
      },
      "original": {
        "type": "tarball",
        "url": "https://flakehub.com/f/NixOS/nixpkgs/0.1"
      }
    },
    "root": {
      "inputs": {
        "moonbit-overlay": "moonbit-overlay",
        "nixpkgs": "nixpkgs",
        "vite-plus-overlay": "vite-plus-overlay"
      }
    },
    "treefmt-nix": {
      "inputs": {
        "nixpkgs": [
          "moonbit-overlay",
          "nixpkgs"
        ]
      },
      "locked": {
        "lastModified": 1780220602,
        "narHash": "sha256-eynAfOmbmxJnkp7YewvCEbShNnnYJ9gLLqkzsYtBPeM=",
        "owner": "numtide",
        "repo": "treefmt-nix",
        "rev": "db947814a175b7ca6ded66e21383d938df01c227",
        "type": "github"
      },
      "original": {
        "owner": "numtide",
        "repo": "treefmt-nix",
        "type": "github"
      }
    },
    "vite-plus-overlay": {
      "inputs": {
        "nixpkgs": [
          "nixpkgs"
        ]
      },
      "locked": {
        "lastModified": 1784497062,
        "narHash": "sha256-dHQM3lMIq5sCZS0LChdArU9xvEPJkmwSje84J7KTdqs=",
        "owner": "ryoppippi",
        "repo": "nix-vite-plus",
        "rev": "b4fb4377b8a9538a45fd3c6cda4482941c55e9ab",
        "type": "github"
      },
      "original": {
        "owner": "ryoppippi",
        "repo": "nix-vite-plus",
        "type": "github"
      }
    }
  },
  "root": "root",
  "version": 7
}
