lockfileVersion: "9.0"

settings:
  autoInstallPeers: true
  excludeLinksFromLockfile: false

importers:
  .:
    devDependencies:
      "@biomejs/biome":
        specifier: ^1.9.4
        version: 1.9.4
      dprint:
        specifier: ^0.50.0
        version: 0.50.0

packages:
  "@biomejs/biome@1.9.4":
    resolution: {
      integrity: sha512-1rkd7G70+o9KkTn5KLmDYXihGoTaIGO9PIIN2ZB7UJxFrWw04CZHPYiMRjYsaDvVV7hP1dYNRLxSANLaBFGpog==,
    }
    engines: { node: ">=14.21.3" }
    hasBin: true

  "@biomejs/cli-darwin-arm64@1.9.4":
    resolution: {
      integrity: sha512-bFBsPWrNvkdKrNCYeAp+xo2HecOGPAy9WyNyB/jKnnedgzl4W4Hb9ZMzYNbf8dMCGmUdSavlYHiR01QaYR58cw==,
    }
    engines: { node: ">=14.21.3" }
    cpu: [arm64]
    os: [darwin]

  "@biomejs/cli-darwin-x64@1.9.4":
    resolution: {
      integrity: sha512-ngYBh/+bEedqkSevPVhLP4QfVPCpb+4BBe2p7Xs32dBgs7rh9nY2AIYUL6BgLw1JVXV8GlpKmb/hNiuIxfPfZg==,
    }
    engines: { node: ">=14.21.3" }
    cpu: [x64]
    os: [darwin]

  "@biomejs/cli-linux-arm64-musl@1.9.4":
    resolution: {
      integrity: sha512-v665Ct9WCRjGa8+kTr0CzApU0+XXtRgwmzIf1SeKSGAv+2scAlW6JR5PMFo6FzqqZ64Po79cKODKf3/AAmECqA==,
    }
    engines: { node: ">=14.21.3" }
    cpu: [arm64]
    os: [linux]

  "@biomejs/cli-linux-arm64@1.9.4":
    resolution: {
      integrity: sha512-fJIW0+LYujdjUgJJuwesP4EjIBl/N/TcOX3IvIHJQNsAqvV2CHIogsmA94BPG6jZATS4Hi+xv4SkBBQSt1N4/g==,
    }
    engines: { node: ">=14.21.3" }
    cpu: [arm64]
    os: [linux]

  "@biomejs/cli-linux-x64-musl@1.9.4":
    resolution: {
      integrity: sha512-gEhi/jSBhZ2m6wjV530Yy8+fNqG8PAinM3oV7CyO+6c3CEh16Eizm21uHVsyVBEB6RIM8JHIl6AGYCv6Q6Q9Tg==,
    }
    engines: { node: ">=14.21.3" }
    cpu: [x64]
    os: [linux]

  "@biomejs/cli-linux-x64@1.9.4":
    resolution: {
      integrity: sha512-lRCJv/Vi3Vlwmbd6K+oQ0KhLHMAysN8lXoCI7XeHlxaajk06u7G+UsFSO01NAs5iYuWKmVZjmiOzJ0OJmGsMwg==,
    }
    engines: { node: ">=14.21.3" }
    cpu: [x64]
    os: [linux]

  "@biomejs/cli-win32-arm64@1.9.4":
    resolution: {
      integrity: sha512-tlbhLk+WXZmgwoIKwHIHEBZUwxml7bRJgk0X2sPyNR3S93cdRq6XulAZRQJ17FYGGzWne0fgrXBKpl7l4M87Hg==,
    }
    engines: { node: ">=14.21.3" }
    cpu: [arm64]
    os: [win32]

  "@biomejs/cli-win32-x64@1.9.4":
    resolution: {
      integrity: sha512-8Y5wMhVIPaWe6jw2H+KlEm4wP/f7EW3810ZLmDlrEEy5KvBsb9ECEfu/kMWD484ijfQ8+nIi0giMgu9g1UAuuA==,
    }
    engines: { node: ">=14.21.3" }
    cpu: [x64]
    os: [win32]

  "@dprint/darwin-arm64@0.50.0":
    resolution: {
      integrity: sha512-KqWpsvm4JveYdKDLSLlQINGNW4pEAGHcTFPEHR5qXMYV4pPomLgHHPyBrxe3XdGtlUp4I8HfvBMBw3b/LKd06A==,
    }
    cpu: [arm64]
    os: [darwin]

  "@dprint/darwin-x64@0.50.0":
    resolution: {
      integrity: sha512-kFeeLYhCIVAe1SMtFYk1q0qWxrkmW8FhOBTUh2oblr4AnAjpjb03m8BVUrHHKFeBTsppwck+1b8hzU6LRZO7fA==,
    }
    cpu: [x64]
    os: [darwin]

  "@dprint/linux-arm64-glibc@0.50.0":
    resolution: {
      integrity: sha512-EL0+uMSdj/n+cZOP9ZO8ndvjmtOSWXNsMHKdAAaTG0+EjH9M9YKXD6kopP6PKOR5pJuiyHCRpVKJ4xoD4adfpQ==,
    }
    cpu: [arm64]
    os: [linux]

  "@dprint/linux-arm64-musl@0.50.0":
    resolution: {
      integrity: sha512-bzyYxKtFw/hYAA+7lWQGQGo2YFPnH7Ql9uWxxWqiGaWVPU66K9WQt0RUEqu1hQBrCk9mMz3jx5l4oKWQ/Dc0fw==,
    }
    cpu: [arm64]
    os: [linux]

  "@dprint/linux-riscv64-glibc@0.50.0":
    resolution: {
      integrity: sha512-ElFqmKs96NyVXWqd2SJGJGtyVmUWNiLUyaImEzL7XZRmpoJG+Ky7SryhccMQU0ENtQmY0CVgZipLZ1SqhIoluA==,
    }
    cpu: [riscv64]
    os: [linux]

  "@dprint/linux-x64-glibc@0.50.0":
    resolution: {
      integrity: sha512-Kim8TtCdpCQUNqF2D96vunuonYy6tPfp/AQblSVA4ADChVyFLGfPaQIECpGAAKxXnIG2SX5JRQP7nB/4JgPNbA==,
    }
    cpu: [x64]
    os: [linux]

  "@dprint/linux-x64-musl@0.50.0":
    resolution: {
      integrity: sha512-ChZf0BnS3S6BIfqAPgQKqEh/7vgD1xc0MpcFcTrvkVQHuSdCQu1XiqUN12agzxB+Y5Ml9exgzP8lYgNza7iXvw==,
    }
    cpu: [x64]
    os: [linux]

  "@dprint/win32-arm64@0.50.0":
    resolution: {
      integrity: sha512-xSY607bRyIPG7UO3uRa5c5wTGHKJqLUkQst85Hcz89EL/It6wswwUSNcywDydssN99HmSHop4fIf6FJTEpEp2g==,
    }
    cpu: [arm64]
    os: [win32]

  "@dprint/win32-x64@0.50.0":
    resolution: {
      integrity: sha512-uGDjrK88LOet9a8pPRM9nKins93mK2NLozqL/hCNV88Nu5Nk0bBeVwRMAnPapjV3Jo+hsJOeq3Z1ibrq2c3v8w==,
    }
    cpu: [x64]
    os: [win32]

  dprint@0.50.0:
    resolution: {
      integrity: sha512-aNJhOQsUS5D9k/YkMUaLLniIpxEBUR0ZwT0RXGQV5YpaGwE2nx6FcKuVkC6wRaZXTr8X0NpV/2HFbcvNuI2jtA==,
    }
    hasBin: true

snapshots:
  "@biomejs/biome@1.9.4":
    optionalDependencies:
      "@biomejs/cli-darwin-arm64": 1.9.4
      "@biomejs/cli-darwin-x64": 1.9.4
      "@biomejs/cli-linux-arm64": 1.9.4
      "@biomejs/cli-linux-arm64-musl": 1.9.4
      "@biomejs/cli-linux-x64": 1.9.4
      "@biomejs/cli-linux-x64-musl": 1.9.4
      "@biomejs/cli-win32-arm64": 1.9.4
      "@biomejs/cli-win32-x64": 1.9.4

  "@biomejs/cli-darwin-arm64@1.9.4":
    optional: true

  "@biomejs/cli-darwin-x64@1.9.4":
    optional: true

  "@biomejs/cli-linux-arm64-musl@1.9.4":
    optional: true

  "@biomejs/cli-linux-arm64@1.9.4":
    optional: true

  "@biomejs/cli-linux-x64-musl@1.9.4":
    optional: true

  "@biomejs/cli-linux-x64@1.9.4":
    optional: true

  "@biomejs/cli-win32-arm64@1.9.4":
    optional: true

  "@biomejs/cli-win32-x64@1.9.4":
    optional: true

  "@dprint/darwin-arm64@0.50.0":
    optional: true

  "@dprint/darwin-x64@0.50.0":
    optional: true

  "@dprint/linux-arm64-glibc@0.50.0":
    optional: true

  "@dprint/linux-arm64-musl@0.50.0":
    optional: true

  "@dprint/linux-riscv64-glibc@0.50.0":
    optional: true

  "@dprint/linux-x64-glibc@0.50.0":
    optional: true

  "@dprint/linux-x64-musl@0.50.0":
    optional: true

  "@dprint/win32-arm64@0.50.0":
    optional: true

  "@dprint/win32-x64@0.50.0":
    optional: true

  dprint@0.50.0:
    optionalDependencies:
      "@dprint/darwin-arm64": 0.50.0
      "@dprint/darwin-x64": 0.50.0
      "@dprint/linux-arm64-glibc": 0.50.0
      "@dprint/linux-arm64-musl": 0.50.0
      "@dprint/linux-riscv64-glibc": 0.50.0
      "@dprint/linux-x64-glibc": 0.50.0
      "@dprint/linux-x64-musl": 0.50.0
      "@dprint/win32-arm64": 0.50.0
      "@dprint/win32-x64": 0.50.0
