{
  "nodes": {
    "home-manager": {
      "inputs": {
        "nixpkgs": [
          "nixpkgs"
        ]
      },
      "locked": {
        "lastModified": 1773963144,
        "narHash": "sha256-WzBOBfSay3GYilUfKaUa1Mbf8/jtuAiJIedx7fWuIX4=",
        "rev": "a91b3ea73a765614d90360580b689c48102d1d33",
        "revCount": 5872,
        "type": "tarball",
        "url": "https://api.flakehub.com/f/pinned/nix-community/home-manager/0.2511.5872%2Brev-a91b3ea73a765614d90360580b689c48102d1d33/019d0872-9e6b-784d-a653-2b455ff2f1cf/source.tar.gz"
      },
      "original": {
        "type": "tarball",
        "url": "https://flakehub.com/f/nix-community/home-manager/%2A"
      }
    },
    "nixpkgs": {
      "locked": {
        "lastModified": 1778003029,
        "narHash": "sha256-q/nkKLDtHIyLjZpKhWk3cSK5IYsFqtMd6UtXF3ddjgA=",
        "rev": "0c88e1f2bdb93d5999019e99cb0e61e1fe2af4c5",
        "revCount": 912297,
        "type": "tarball",
        "url": "https://api.flakehub.com/f/pinned/NixOS/nixpkgs/0.2511.912297%2Brev-0c88e1f2bdb93d5999019e99cb0e61e1fe2af4c5/019dfbf4-87c2-7d91-9a98-ccf8f9b548eb/source.tar.gz"
      },
      "original": {
        "type": "tarball",
        "url": "https://flakehub.com/f/NixOS/nixpkgs/0.2511"
      }
    },
    "npmpkgs": {
      "inputs": {
        "nixpkgs": [
          "nixpkgs"
        ]
      },
      "locked": {
        "lastModified": 1778055827,
        "narHash": "sha256-0TYOBQU/ZE0leb3j46IgZXKjhhyZC8hqbg1OpUKJupY=",
        "rev": "d9b62e8ca4b8a536a43e97a2e7f16f28f78d6422",
        "revCount": 11,
        "type": "tarball",
        "url": "https://api.flakehub.com/f/pinned/totto2727-dotfiles/npm-packages/0.1.11%2Brev-d9b62e8ca4b8a536a43e97a2e7f16f28f78d6422/019dfc64-84eb-7033-ab47-aa04b7987a6b/source.tar.gz"
      },
      "original": {
        "type": "tarball",
        "url": "https://flakehub.com/f/totto2727-dotfiles/npm-packages/%2A"
      }
    },
    "root": {
      "inputs": {
        "home-manager": "home-manager",
        "nixpkgs": "nixpkgs",
        "npmpkgs": "npmpkgs"
      }
    }
  },
  "root": "root",
  "version": 7
}
