{
  "nodes": {
    "home-manager": {
      "inputs": {
        "nixpkgs": [
          "nixpkgs"
        ]
      },
      "locked": {
        "lastModified": 1779336838,
        "narHash": "sha256-n1+l78hJRABp4cQHKeD0BVByT0vZLPqd09Tvoq8Q+d8=",
        "rev": "928d72376949e222ea4f07b44828a55b0136422e",
        "revCount": 6785,
        "type": "tarball",
        "url": "https://api.flakehub.com/f/pinned/nix-community/home-manager/0.1.6785%2Brev-928d72376949e222ea4f07b44828a55b0136422e/019e48cd-85e8-7ea3-a958-64f735715110/source.tar.gz"
      },
      "original": {
        "type": "tarball",
        "url": "https://flakehub.com/f/nix-community/home-manager/0.1"
      }
    },
    "nix-darwin": {
      "inputs": {
        "nixpkgs": [
          "nixpkgs"
        ]
      },
      "locked": {
        "lastModified": 1779036909,
        "narHash": "sha256-zXcwYQGCT6pzinK+1dBB2ekTVtfxGZAapb3Evdcu4fY=",
        "rev": "56c666e108467d87d13508936aade6d567f2a501",
        "revCount": 2360,
        "type": "tarball",
        "url": "https://api.flakehub.com/f/pinned/nix-darwin/nix-darwin/0.1.2360%2Brev-56c666e108467d87d13508936aade6d567f2a501/019e3735-3daf-79a1-93cc-403e3799c7f8/source.tar.gz"
      },
      "original": {
        "type": "tarball",
        "url": "https://flakehub.com/f/nix-darwin/nix-darwin/0.1"
      }
    },
    "nixpkgs": {
      "locked": {
        "lastModified": 1778869304,
        "narHash": "sha256-30sZNZoA1cqF5JNO9fVX+wgiQYjB7HJqqJ4ztCDeBZE=",
        "rev": "d233902339c02a9c334e7e593de68855ad26c4cb",
        "revCount": 998534,
        "type": "tarball",
        "url": "https://api.flakehub.com/f/pinned/NixOS/nixpkgs/0.1.998534%2Brev-d233902339c02a9c334e7e593de68855ad26c4cb/019e3132-2bc3-7cf0-a522-2d02374629cf/source.tar.gz"
      },
      "original": {
        "type": "tarball",
        "url": "https://flakehub.com/f/NixOS/nixpkgs/0.1"
      }
    },
    "npmpkgs": {
      "inputs": {
        "nixpkgs": [
          "nixpkgs"
        ]
      },
      "locked": {
        "lastModified": 1779456840,
        "narHash": "sha256-EFwxtBsEaVH5D97sLHd3PPWrl1JUUI4J1fraxKGWCNI=",
        "rev": "c2e8befaf84bd7bd3fa4efd1bd67aa8efadecdce",
        "revCount": 12,
        "type": "tarball",
        "url": "https://api.flakehub.com/f/pinned/totto2727-dotfiles/npm-packages/0.1.12%2Brev-c2e8befaf84bd7bd3fa4efd1bd67aa8efadecdce/019e4fe5-66b3-7d51-abd5-bf25a4d54dcb/source.tar.gz"
      },
      "original": {
        "type": "tarball",
        "url": "https://flakehub.com/f/totto2727-dotfiles/npm-packages/%2A"
      }
    },
    "root": {
      "inputs": {
        "home-manager": "home-manager",
        "nix-darwin": "nix-darwin",
        "nixpkgs": "nixpkgs",
        "npmpkgs": "npmpkgs"
      }
    }
  },
  "root": "root",
  "version": 7
}
