{
  "nodes": {
    "home-manager": {
      "inputs": {
        "nixpkgs": [
          "nixpkgs"
        ]
      },
      "locked": {
        "lastModified": 1784407317,
        "narHash": "sha256-iZrxHToDJWnvt+5LGAtvuQMTy1NZYlNEKbKaVtBJNcc=",
        "rev": "39411a8e12a5526d992e65bc7e3dc9a4414d6713",
        "revCount": 7067,
        "type": "tarball",
        "url": "https://api.flakehub.com/f/pinned/nix-community/home-manager/0.1.7067%2Brev-39411a8e12a5526d992e65bc7e3dc9a4414d6713/019f7909-1fe5-7cc3-9f25-08449b5c2393/source.tar.gz"
      },
      "original": {
        "type": "tarball",
        "url": "https://flakehub.com/f/nix-community/home-manager/0.1"
      }
    },
    "nix-darwin": {
      "inputs": {
        "nixpkgs": [
          "nixpkgs"
        ]
      },
      "locked": {
        "lastModified": 1784362797,
        "narHash": "sha256-EP9b9b+OXDxHBPefFwMYCIaLq0fn3UkmrbfzbLUT7kQ=",
        "rev": "b4cccbd4bc299c1f71ae185b79c3cf99aa82805c",
        "revCount": 2396,
        "type": "tarball",
        "url": "https://api.flakehub.com/f/pinned/nix-darwin/nix-darwin/0.1.2396%2Brev-b4cccbd4bc299c1f71ae185b79c3cf99aa82805c/019f7483-ef28-70e0-bd50-d920aa7ad59d/source.tar.gz"
      },
      "original": {
        "type": "tarball",
        "url": "https://flakehub.com/f/nix-darwin/nix-darwin/0.1"
      }
    },
    "nixpkgs": {
      "locked": {
        "lastModified": 1784356753,
        "narHash": "sha256-12KrbMiWLcf8m7pCvAtZh1ZrgF85ZXDXvfR/fWTKy84=",
        "rev": "61b7c44c4073f0b827768aff0049561b5110ea5a",
        "revCount": 1036777,
        "type": "tarball",
        "url": "https://api.flakehub.com/f/pinned/NixOS/nixpkgs/0.1.1036777%2Brev-61b7c44c4073f0b827768aff0049561b5110ea5a/019f755f-4937-7ed1-93d6-e2d5a2d3cca7/source.tar.gz"
      },
      "original": {
        "type": "tarball",
        "url": "https://flakehub.com/f/NixOS/nixpkgs/0.1"
      }
    },
    "npmpkgs": {
      "inputs": {
        "nixpkgs": [
          "nixpkgs"
        ]
      },
      "locked": {
        "path": "../npm-package",
        "type": "path"
      },
      "original": {
        "path": "../npm-package",
        "type": "path"
      },
      "parent": []
    },
    "root": {
      "inputs": {
        "home-manager": "home-manager",
        "nix-darwin": "nix-darwin",
        "nixpkgs": "nixpkgs",
        "npmpkgs": "npmpkgs"
      }
    }
  },
  "root": "root",
  "version": 7
}
