{
  "nodes": {
    "apple-container-overlay": {
      "inputs": {
        "nixpkgs": [
          "nixpkgs"
        ]
      },
      "locked": {
        "lastModified": 1788351720,
        "narHash": "sha256-Kanh2iYY69TJNu7IWyioaUHqEZdVnWiCTxwmJ5qFcoU=",
        "owner": "halfwhey",
        "repo": "nix-apple-container",
        "rev": "b7ecb6880de985c6fee25ca0088f50ae901f49ca",
        "type": "github"
      },
      "original": {
        "owner": "halfwhey",
        "repo": "nix-apple-container",
        "type": "github"
      }
    },
    "bun2nix": {
      "inputs": {
        "flake-parts": "flake-parts",
        "nixpkgs": [
          "vite-plus-overlay",
          "nixpkgs"
        ],
        "systems": "systems_3",
        "treefmt-nix": "treefmt-nix_3"
      },
      "locked": {
        "lastModified": 1784665499,
        "narHash": "sha256-9BMxlTxCCDAeoNLtb1a/st7udtTIJep+wpUzquA29VU=",
        "owner": "nix-community",
        "repo": "bun2nix",
        "rev": "0f2a1f0b6f42cebe3b149bf62d38754c5e0e9729",
        "type": "github"
      },
      "original": {
        "owner": "nix-community",
        "repo": "bun2nix",
        "type": "github"
      }
    },
    "codex-overlay": {
      "inputs": {
        "flake-utils": "flake-utils",
        "nixpkgs": [
          "nixpkgs"
        ]
      },
      "locked": {
        "lastModified": 1788568734,
        "narHash": "sha256-SzZaOg5XWeTzPTPYpLsSIb47FjC1jXzmfJVjzl8Xd8Q=",
        "owner": "sadjow",
        "repo": "codex-cli-nix",
        "rev": "3a0dca3725f6d8b74cfe635a85724d2313731fb4",
        "type": "github"
      },
      "original": {
        "owner": "sadjow",
        "repo": "codex-cli-nix",
        "type": "github"
      }
    },
    "flake-parts": {
      "inputs": {
        "nixpkgs-lib": [
          "vite-plus-overlay",
          "bun2nix",
          "nixpkgs"
        ]
      },
      "locked": {
        "lastModified": 1782949081,
        "narHash": "sha256-vp6Y/Grm98ESt6ceOkWiHWyZRDV3J1RID4w+6NWK9yA=",
        "owner": "hercules-ci",
        "repo": "flake-parts",
        "rev": "17c9d6cdfc60c64f4ee8d306f9bc0b4ccb51481e",
        "type": "github"
      },
      "original": {
        "owner": "hercules-ci",
        "repo": "flake-parts",
        "type": "github"
      }
    },
    "flake-utils": {
      "inputs": {
        "systems": "systems"
      },
      "locked": {
        "lastModified": 1731533236,
        "narHash": "sha256-l0KFg5HjrsfsO/JpG+r7fRrqm12kzFHyUHqHCVpMMbI=",
        "owner": "numtide",
        "repo": "flake-utils",
        "rev": "11707dc2f618dd54ca8739b309ec4fc024de578b",
        "type": "github"
      },
      "original": {
        "owner": "numtide",
        "repo": "flake-utils",
        "type": "github"
      }
    },
    "flake-utils_2": {
      "inputs": {
        "systems": "systems_2"
      },
      "locked": {
        "lastModified": 1731533236,
        "narHash": "sha256-l0KFg5HjrsfsO/JpG+r7fRrqm12kzFHyUHqHCVpMMbI=",
        "owner": "numtide",
        "repo": "flake-utils",
        "rev": "11707dc2f618dd54ca8739b309ec4fc024de578b",
        "type": "github"
      },
      "original": {
        "owner": "numtide",
        "repo": "flake-utils",
        "type": "github"
      }
    },
    "flowdeck": {
      "inputs": {
        "nixpkgs": [
          "my",
          "nixpkgs"
        ]
      },
      "locked": {
        "lastModified": 1788594634,
        "narHash": "sha256-m0remuQfgEURtUB+PR33zqKuNazQz/oH0ECRyR+78q8=",
        "rev": "839b4400f46d66dab03daaabfc7e2e90ed75ee9f",
        "revCount": 76,
        "type": "tarball",
        "url": "https://api.flakehub.com/f/pinned/totto2727-org/flowdeck/0.1.76%2Brev-839b4400f46d66dab03daaabfc7e2e90ed75ee9f/01a0708c-d306-7802-9442-af286c209206/source.tar.gz"
      },
      "original": {
        "type": "tarball",
        "url": "https://flakehub.com/f/totto2727-org/flowdeck/0.1"
      }
    },
    "glossshift": {
      "inputs": {
        "nixpkgs": [
          "my-macos",
          "nixpkgs"
        ]
      },
      "locked": {
        "lastModified": 1788781796,
        "narHash": "sha256-k0M8IOs8fDkYHLR40nYUafUr/M4mVHIj2IyhThUTBZ4=",
        "rev": "e01b80b5e373a5ad6fa5f5ec424b1f2025334210",
        "revCount": 57,
        "type": "tarball",
        "url": "https://api.flakehub.com/f/pinned/totto2727-org/glossshift/0.1.57%2Brev-e01b80b5e373a5ad6fa5f5ec424b1f2025334210/01a07bb4-d107-7563-92ca-b2859733e353/source.tar.gz"
      },
      "original": {
        "type": "tarball",
        "url": "https://flakehub.com/f/totto2727-org/glossshift/0.1"
      }
    },
    "home-manager": {
      "inputs": {
        "nixpkgs": [
          "nixpkgs"
        ]
      },
      "locked": {
        "lastModified": 1788651960,
        "narHash": "sha256-v9wJd32eZ2bvhBzVOd7TIjLQd011P7nwOhjKtWlci5I=",
        "rev": "2c0350c759688177331b8f5242311fae8877bdb3",
        "revCount": 7220,
        "type": "tarball",
        "url": "https://api.flakehub.com/f/pinned/nix-community/home-manager/0.1.7220%2Brev-2c0350c759688177331b8f5242311fae8877bdb3/01a07412-b9bb-7840-a16e-3ead7cf96815/source.tar.gz"
      },
      "original": {
        "type": "tarball",
        "url": "https://flakehub.com/f/nix-community/home-manager/0.1"
      }
    },
    "jcode-overlay": {
      "inputs": {
        "flake-utils": "flake-utils_2",
        "nixpkgs": [
          "nixpkgs"
        ]
      },
      "locked": {
        "lastModified": 1788591053,
        "narHash": "sha256-4V8Dq9Gq38NfujCuTtMtHdIw8zyvgBP/HojsW8fh4w8=",
        "owner": "hypervideo",
        "repo": "jcode-nix",
        "rev": "97dc35e91b725a0ea18748e27422c9c43d69acac",
        "type": "github"
      },
      "original": {
        "owner": "hypervideo",
        "repo": "jcode-nix",
        "type": "github"
      }
    },
    "local-packages": {
      "inputs": {
        "nixpkgs": [
          "nixpkgs"
        ]
      },
      "locked": {
        "path": "../share/packages",
        "type": "path"
      },
      "original": {
        "path": "../share/packages",
        "type": "path"
      },
      "parent": []
    },
    "moon-registry": {
      "flake": false,
      "locked": {
        "lastModified": 1787107903,
        "narHash": "sha256-/t89hdhfhBEgPsbDbGap0kZpEoab0nZbBGEPrKWou24=",
        "ref": "refs/heads/main",
        "rev": "c9c84f5ec832ad3ba7ffae330c6dad14775437fa",
        "revCount": 13008,
        "type": "git",
        "url": "https://mooncakes.io/git/index"
      },
      "original": {
        "rev": "c9c84f5ec832ad3ba7ffae330c6dad14775437fa",
        "type": "git",
        "url": "https://mooncakes.io/git/index"
      }
    },
    "moon-registry_2": {
      "flake": false,
      "locked": {
        "lastModified": 1788781233,
        "narHash": "sha256-l8g59HDwtpEvO6T7Xydsyr+V5X9zNmSFbcLqxw0pNvQ=",
        "ref": "refs/heads/main",
        "rev": "09b10dac5bfec56a389c30c9cc0c2ae5f85c30f3",
        "revCount": 14707,
        "type": "git",
        "url": "https://mooncakes.io/git/index"
      },
      "original": {
        "type": "git",
        "url": "https://mooncakes.io/git/index"
      }
    },
    "moon-registry_3": {
      "flake": false,
      "locked": {
        "lastModified": 1787107903,
        "narHash": "sha256-/t89hdhfhBEgPsbDbGap0kZpEoab0nZbBGEPrKWou24=",
        "ref": "refs/heads/main",
        "rev": "c9c84f5ec832ad3ba7ffae330c6dad14775437fa",
        "revCount": 13008,
        "type": "git",
        "url": "https://mooncakes.io/git/index"
      },
      "original": {
        "rev": "c9c84f5ec832ad3ba7ffae330c6dad14775437fa",
        "type": "git",
        "url": "https://mooncakes.io/git/index"
      }
    },
    "moonbit-overlay": {
      "inputs": {
        "moon-registry": "moon-registry",
        "nixpkgs": [
          "nixpkgs"
        ],
        "treefmt-nix": "treefmt-nix"
      },
      "locked": {
        "lastModified": 1788590867,
        "narHash": "sha256-eoykhHAzkTNqw2cZRCHMVFUoRZ/TLRKPK1to+rpyAJE=",
        "owner": "totto2727",
        "repo": "moonbit-overlay",
        "rev": "53bd8c8aeb3424e92da599d9367779f214285eb9",
        "type": "github"
      },
      "original": {
        "owner": "totto2727",
        "repo": "moonbit-overlay",
        "type": "github"
      }
    },
    "moonbit-overlay_2": {
      "inputs": {
        "moon-registry": "moon-registry_3",
        "nixpkgs": [
          "my",
          "wt",
          "nixpkgs"
        ],
        "treefmt-nix": "treefmt-nix_2"
      },
      "locked": {
        "lastModified": 1787364676,
        "narHash": "sha256-GQzB13KQ4E7WERNPUmI7dOXDP81tBz01zLC2IxRvvD8=",
        "owner": "totto2727-org",
        "repo": "moonbit-overlay",
        "rev": "69472b3a340b3feb0091f2c2de6760d528942d2b",
        "type": "github"
      },
      "original": {
        "owner": "totto2727-org",
        "repo": "moonbit-overlay",
        "type": "github"
      }
    },
    "my": {
      "inputs": {
        "flowdeck": "flowdeck",
        "moon-registry": "moon-registry_2",
        "nixpkgs": [
          "nixpkgs"
        ],
        "wt": "wt"
      },
      "locked": {
        "path": "../share/my",
        "type": "path"
      },
      "original": {
        "path": "../share/my",
        "type": "path"
      },
      "parent": []
    },
    "my-macos": {
      "inputs": {
        "glossshift": "glossshift",
        "nixpkgs": [
          "nixpkgs"
        ]
      },
      "locked": {
        "path": "../share/my/macos",
        "type": "path"
      },
      "original": {
        "path": "../share/my/macos",
        "type": "path"
      },
      "parent": []
    },
    "nix-darwin": {
      "inputs": {
        "nixpkgs": [
          "nixpkgs"
        ]
      },
      "locked": {
        "lastModified": 1786845137,
        "narHash": "sha256-oQFip+v0luP8NIxJzmiW4Wu8bILsbFWom5l0zonl8hQ=",
        "rev": "4cff07de74b50e64bdd68cd4e722ab5b6b35ee48",
        "revCount": 2406,
        "type": "tarball",
        "url": "https://api.flakehub.com/f/pinned/nix-darwin/nix-darwin/0.1.2406%2Brev-4cff07de74b50e64bdd68cd4e722ab5b6b35ee48/01a00885-93b1-7882-80a4-71d83ce85819/source.tar.gz"
      },
      "original": {
        "type": "tarball",
        "url": "https://flakehub.com/f/nix-darwin/nix-darwin/0.1"
      }
    },
    "nixpkgs": {
      "locked": {
        "lastModified": 1788614874,
        "narHash": "sha256-7QYjT2vHLuX9Z1pdxHXDKCbh1CR3D/2rywB9Tx0MPRg=",
        "rev": "c043004d1c6985732bcc1cbc5a9c9aecbbb4e0f0",
        "revCount": 1068089,
        "type": "tarball",
        "url": "https://api.flakehub.com/f/pinned/NixOS/nixpkgs/0.1.1068089%2Brev-c043004d1c6985732bcc1cbc5a9c9aecbbb4e0f0/01a073a5-5a38-78c3-9b8b-836d542efc63/source.tar.gz"
      },
      "original": {
        "type": "tarball",
        "url": "https://flakehub.com/f/NixOS/nixpkgs/0.1"
      }
    },
    "npmpkgs": {
      "inputs": {
        "moonbit-overlay": [
          "moonbit-overlay"
        ],
        "nixpkgs": [
          "nixpkgs"
        ]
      },
      "locked": {
        "path": "../npm-package",
        "type": "path"
      },
      "original": {
        "path": "../npm-package",
        "type": "path"
      },
      "parent": []
    },
    "root": {
      "inputs": {
        "apple-container-overlay": "apple-container-overlay",
        "codex-overlay": "codex-overlay",
        "home-manager": "home-manager",
        "jcode-overlay": "jcode-overlay",
        "local-packages": "local-packages",
        "moonbit-overlay": "moonbit-overlay",
        "my": "my",
        "my-macos": "my-macos",
        "nix-darwin": "nix-darwin",
        "nixpkgs": "nixpkgs",
        "npmpkgs": "npmpkgs",
        "vite-plus-overlay": "vite-plus-overlay"
      }
    },
    "systems": {
      "locked": {
        "lastModified": 1681028828,
        "narHash": "sha256-Vy1rq5AaRuLzOxct8nz4T6wlgyUR7zLU309k9mBC768=",
        "owner": "nix-systems",
        "repo": "default",
        "rev": "da67096a3b9bf56a91d16901293e51ba5b49a27e",
        "type": "github"
      },
      "original": {
        "owner": "nix-systems",
        "repo": "default",
        "type": "github"
      }
    },
    "systems_2": {
      "locked": {
        "lastModified": 1681028828,
        "narHash": "sha256-Vy1rq5AaRuLzOxct8nz4T6wlgyUR7zLU309k9mBC768=",
        "owner": "nix-systems",
        "repo": "default",
        "rev": "da67096a3b9bf56a91d16901293e51ba5b49a27e",
        "type": "github"
      },
      "original": {
        "owner": "nix-systems",
        "repo": "default",
        "type": "github"
      }
    },
    "systems_3": {
      "locked": {
        "lastModified": 1776166891,
        "narHash": "sha256-bI8yrEGjrohR5hkQox7UrxDH7XqrYMwI8SL/LrJ1+S8=",
        "owner": "nix-systems",
        "repo": "triplet",
        "rev": "6de7bc09397911ce03636afbcf6118745ab2cda0",
        "type": "github"
      },
      "original": {
        "owner": "nix-systems",
        "repo": "triplet",
        "type": "github"
      }
    },
    "treefmt-nix": {
      "inputs": {
        "nixpkgs": [
          "moonbit-overlay",
          "nixpkgs"
        ]
      },
      "locked": {
        "lastModified": 1786901030,
        "narHash": "sha256-WSFCsDSE5ffgD2MqzkM2CYjeFiKhRF/dJUN8uedb6YE=",
        "owner": "numtide",
        "repo": "treefmt-nix",
        "rev": "27b3b12a8e6375f28ebe122f07d230ca5459bbfa",
        "type": "github"
      },
      "original": {
        "owner": "numtide",
        "repo": "treefmt-nix",
        "type": "github"
      }
    },
    "treefmt-nix_2": {
      "inputs": {
        "nixpkgs": [
          "my",
          "wt",
          "moonbit-overlay",
          "nixpkgs"
        ]
      },
      "locked": {
        "lastModified": 1786901030,
        "narHash": "sha256-WSFCsDSE5ffgD2MqzkM2CYjeFiKhRF/dJUN8uedb6YE=",
        "owner": "numtide",
        "repo": "treefmt-nix",
        "rev": "27b3b12a8e6375f28ebe122f07d230ca5459bbfa",
        "type": "github"
      },
      "original": {
        "owner": "numtide",
        "repo": "treefmt-nix",
        "type": "github"
      }
    },
    "treefmt-nix_3": {
      "inputs": {
        "nixpkgs": [
          "vite-plus-overlay",
          "bun2nix",
          "nixpkgs"
        ]
      },
      "locked": {
        "lastModified": 1784369104,
        "narHash": "sha256-47cxbcZODibHv3rELFQ9vZly0vUNkND/atn/U7HLeb0=",
        "owner": "numtide",
        "repo": "treefmt-nix",
        "rev": "df3c0640565d04a0261253cdd89fce78ec50168a",
        "type": "github"
      },
      "original": {
        "owner": "numtide",
        "repo": "treefmt-nix",
        "type": "github"
      }
    },
    "vite-plus-overlay": {
      "inputs": {
        "bun2nix": "bun2nix",
        "nixpkgs": [
          "nixpkgs"
        ]
      },
      "locked": {
        "lastModified": 1787552119,
        "narHash": "sha256-1pxGSE8h3NaeoXNByEc5+poPiEXYYp/vgKkTRZ6jFjc=",
        "owner": "ryoppippi",
        "repo": "nix-vite-plus",
        "rev": "8a5fe101346dffd9433f8561ab1e97afb2711231",
        "type": "github"
      },
      "original": {
        "owner": "ryoppippi",
        "repo": "nix-vite-plus",
        "type": "github"
      }
    },
    "wt": {
      "inputs": {
        "moon-registry": [
          "my",
          "moon-registry"
        ],
        "moonbit-overlay": "moonbit-overlay_2",
        "nixpkgs": [
          "my",
          "nixpkgs"
        ]
      },
      "locked": {
        "lastModified": 1787655273,
        "narHash": "sha256-6mKmo4R9btF5DGGix3FSd0ZQxgkWrPBit6HSKH2pzxs=",
        "rev": "216deb8f2a68e4278f116cfda7546fa809e9aa74",
        "revCount": 80,
        "type": "tarball",
        "url": "https://api.flakehub.com/f/pinned/totto2727-org/wt/0.1.80%2Brev-216deb8f2a68e4278f116cfda7546fa809e9aa74/01a0388f-c4d8-7ab3-86f5-6c6007676a9f/source.tar.gz"
      },
      "original": {
        "type": "tarball",
        "url": "https://flakehub.com/f/totto2727-org/wt/0.1"
      }
    }
  },
  "root": "root",
  "version": 7
}
