{
  "nodes": {
    "moon-registry": {
      "flake": false,
      "locked": {
        "lastModified": 1784538394,
        "narHash": "sha256-BFcUS1oPK5BGFAIFjLujnmse0Ek5hlesb8BJ2iamUPE=",
        "ref": "refs/heads/main",
        "rev": "f9c5d0fd67d5aaff8be142601399d38855296f44",
        "revCount": 11097,
        "type": "git",
        "url": "https://mooncakes.io/git/index"
      },
      "original": {
        "type": "git",
        "url": "https://mooncakes.io/git/index"
      }
    },
    "moonbit-overlay": {
      "inputs": {
        "nixpkgs": [
          "nixpkgs"
        ],
        "treefmt-nix": "treefmt-nix"
      },
      "locked": {
        "lastModified": 1784541274,
        "narHash": "sha256-jtOcz5r6V/7U89ySbicd+0SWD+LqlWrWP9Qd+GZRQuI=",
        "owner": "totto2727",
        "repo": "moonbit-overlay",
        "rev": "bdae408fa509726dd819c962c4e712cc0d0380af",
        "type": "github"
      },
      "original": {
        "owner": "totto2727",
        "repo": "moonbit-overlay",
        "type": "github"
      }
    },
    "nixpkgs": {
      "locked": {
        "lastModified": 1784356753,
        "narHash": "sha256-12KrbMiWLcf8m7pCvAtZh1ZrgF85ZXDXvfR/fWTKy84=",
        "rev": "61b7c44c4073f0b827768aff0049561b5110ea5a",
        "revCount": 1036777,
        "type": "tarball",
        "url": "https://api.flakehub.com/f/pinned/NixOS/nixpkgs/0.1.1036777%2Brev-61b7c44c4073f0b827768aff0049561b5110ea5a/019f755f-4937-7ed1-93d6-e2d5a2d3cca7/source.tar.gz"
      },
      "original": {
        "type": "tarball",
        "url": "https://flakehub.com/f/NixOS/nixpkgs/0.1"
      }
    },
    "root": {
      "inputs": {
        "moon-registry": "moon-registry",
        "moonbit-overlay": "moonbit-overlay",
        "nixpkgs": "nixpkgs"
      }
    },
    "treefmt-nix": {
      "inputs": {
        "nixpkgs": [
          "moonbit-overlay",
          "nixpkgs"
        ]
      },
      "locked": {
        "lastModified": 1780220602,
        "narHash": "sha256-eynAfOmbmxJnkp7YewvCEbShNnnYJ9gLLqkzsYtBPeM=",
        "owner": "numtide",
        "repo": "treefmt-nix",
        "rev": "db947814a175b7ca6ded66e21383d938df01c227",
        "type": "github"
      },
      "original": {
        "owner": "numtide",
        "repo": "treefmt-nix",
        "type": "github"
      }
    }
  },
  "root": "root",
  "version": 7
}
