{
  "nodes": {
    "home-manager": {
      "inputs": {
        "nixpkgs": [
          "nixpkgs"
        ]
      },
      "locked": {
        "lastModified": 1773963144,
        "narHash": "sha256-WzBOBfSay3GYilUfKaUa1Mbf8/jtuAiJIedx7fWuIX4=",
        "rev": "a91b3ea73a765614d90360580b689c48102d1d33",
        "revCount": 5872,
        "type": "tarball",
        "url": "https://api.flakehub.com/f/pinned/nix-community/home-manager/0.2511.5872%2Brev-a91b3ea73a765614d90360580b689c48102d1d33/019d0872-9e6b-784d-a653-2b455ff2f1cf/source.tar.gz"
      },
      "original": {
        "type": "tarball",
        "url": "https://flakehub.com/f/nix-community/home-manager/%2A"
      }
    },
    "nix-darwin": {
      "inputs": {
        "nixpkgs": [
          "nixpkgs"
        ]
      },
      "locked": {
        "lastModified": 1772129556,
        "narHash": "sha256-Utk0zd8STPsUJPyjabhzPc5BpPodLTXrwkpXBHYnpeg=",
        "rev": "ebec37af18215214173c98cf6356d0aca24a2585",
        "revCount": 2293,
        "type": "tarball",
        "url": "https://api.flakehub.com/f/pinned/nix-darwin/nix-darwin/0.2511.2293%2Brev-ebec37af18215214173c98cf6356d0aca24a2585/019c9b29-24a7-7bb8-a961-4fc176ed0edd/source.tar.gz"
      },
      "original": {
        "type": "tarball",
        "url": "https://flakehub.com/f/nix-darwin/nix-darwin/0"
      }
    },
    "nixpkgs": {
      "locked": {
        "lastModified": 1773814637,
        "narHash": "sha256-GNU+ooRmrHLfjlMsKdn0prEKVa0faVanm0jrgu1J/gY=",
        "rev": "fea3b367d61c1a6592bc47c72f40a9f3e6a53e96",
        "revCount": 909593,
        "type": "tarball",
        "url": "https://api.flakehub.com/f/pinned/NixOS/nixpkgs/0.2511.909593%2Brev-fea3b367d61c1a6592bc47c72f40a9f3e6a53e96/019d0213-c6be-7375-97cd-d8fa200fb1ac/source.tar.gz"
      },
      "original": {
        "type": "tarball",
        "url": "https://flakehub.com/f/NixOS/nixpkgs/0"
      }
    },
    "npmpkgs": {
      "inputs": {
        "nixpkgs": [
          "nixpkgs"
        ]
      },
      "locked": {
        "lastModified": 1773930107,
        "narHash": "sha256-iNpmFcq7345jkVvguIbo6DoukNBy4aSZ09i5qHj4UEk=",
        "rev": "b7ee59ae8a38807095f4174d185dc8d6d862ae2a",
        "revCount": 10,
        "type": "tarball",
        "url": "https://api.flakehub.com/f/pinned/totto2727-dotfiles/npm-packages/0.1.10%2Brev-b7ee59ae8a38807095f4174d185dc8d6d862ae2a/019d067a-eae5-793a-9361-6bbd3e7b81cd/source.tar.gz"
      },
      "original": {
        "type": "tarball",
        "url": "https://flakehub.com/f/totto2727-dotfiles/npm-packages/%2A"
      }
    },
    "root": {
      "inputs": {
        "home-manager": "home-manager",
        "nix-darwin": "nix-darwin",
        "nixpkgs": "nixpkgs",
        "npmpkgs": "npmpkgs"
      }
    }
  },
  "root": "root",
  "version": 7
}
