{
  "nodes": {
    "bun2nix": {
      "inputs": {
        "flake-parts": "flake-parts",
        "nixpkgs": [
          "vite-plus-overlay",
          "nixpkgs"
        ],
        "systems": "systems_2",
        "treefmt-nix": "treefmt-nix_2"
      },
      "locked": {
        "lastModified": 1784665499,
        "narHash": "sha256-9BMxlTxCCDAeoNLtb1a/st7udtTIJep+wpUzquA29VU=",
        "owner": "nix-community",
        "repo": "bun2nix",
        "rev": "0f2a1f0b6f42cebe3b149bf62d38754c5e0e9729",
        "type": "github"
      },
      "original": {
        "owner": "nix-community",
        "repo": "bun2nix",
        "type": "github"
      }
    },
    "flake-parts": {
      "inputs": {
        "nixpkgs-lib": [
          "vite-plus-overlay",
          "bun2nix",
          "nixpkgs"
        ]
      },
      "locked": {
        "lastModified": 1782949081,
        "narHash": "sha256-vp6Y/Grm98ESt6ceOkWiHWyZRDV3J1RID4w+6NWK9yA=",
        "owner": "hercules-ci",
        "repo": "flake-parts",
        "rev": "17c9d6cdfc60c64f4ee8d306f9bc0b4ccb51481e",
        "type": "github"
      },
      "original": {
        "owner": "hercules-ci",
        "repo": "flake-parts",
        "type": "github"
      }
    },
    "flake-utils": {
      "inputs": {
        "systems": "systems"
      },
      "locked": {
        "lastModified": 1731533236,
        "narHash": "sha256-l0KFg5HjrsfsO/JpG+r7fRrqm12kzFHyUHqHCVpMMbI=",
        "owner": "numtide",
        "repo": "flake-utils",
        "rev": "11707dc2f618dd54ca8739b309ec4fc024de578b",
        "type": "github"
      },
      "original": {
        "owner": "numtide",
        "repo": "flake-utils",
        "type": "github"
      }
    },
    "home-manager": {
      "inputs": {
        "nixpkgs": [
          "nixpkgs"
        ]
      },
      "locked": {
        "lastModified": 1787797243,
        "narHash": "sha256-8+Q7NOB7RPajRjA4pbCDLzqH+MTjnG9x6LUPLfL2joA=",
        "rev": "99c9ec63390f1d8c14d95d9e8b17cc29cfbd4e11",
        "revCount": 7192,
        "type": "tarball",
        "url": "https://api.flakehub.com/f/pinned/nix-community/home-manager/0.1.7192%2Brev-99c9ec63390f1d8c14d95d9e8b17cc29cfbd4e11/01a04105-f7d3-7e42-a62c-0549e41ea6ff/source.tar.gz"
      },
      "original": {
        "type": "tarball",
        "url": "https://flakehub.com/f/nix-community/home-manager/0.1"
      }
    },
    "jcode-overlay": {
      "inputs": {
        "flake-utils": "flake-utils",
        "nixpkgs": [
          "nixpkgs"
        ]
      },
      "locked": {
        "lastModified": 1788504501,
        "narHash": "sha256-znM+o7cu2buFLTJhSuPa0wZROGyDXcD+PrUNCAMIOr0=",
        "owner": "hypervideo",
        "repo": "jcode-nix",
        "rev": "16296e47bddacf39dfee50fb9ce2978ebb14c053",
        "type": "github"
      },
      "original": {
        "owner": "hypervideo",
        "repo": "jcode-nix",
        "type": "github"
      }
    },
    "local-packages": {
      "inputs": {
        "nixpkgs": [
          "nixpkgs"
        ]
      },
      "locked": {
        "path": "../share/packages",
        "type": "path"
      },
      "original": {
        "path": "../share/packages",
        "type": "path"
      },
      "parent": []
    },
    "moon-registry": {
      "flake": false,
      "locked": {
        "lastModified": 1787107903,
        "narHash": "sha256-/t89hdhfhBEgPsbDbGap0kZpEoab0nZbBGEPrKWou24=",
        "ref": "refs/heads/main",
        "rev": "c9c84f5ec832ad3ba7ffae330c6dad14775437fa",
        "revCount": 13008,
        "type": "git",
        "url": "https://mooncakes.io/git/index"
      },
      "original": {
        "rev": "c9c84f5ec832ad3ba7ffae330c6dad14775437fa",
        "type": "git",
        "url": "https://mooncakes.io/git/index"
      }
    },
    "moonbit-overlay": {
      "inputs": {
        "moon-registry": "moon-registry",
        "nixpkgs": [
          "nixpkgs"
        ],
        "treefmt-nix": "treefmt-nix"
      },
      "locked": {
        "lastModified": 1788076973,
        "narHash": "sha256-YVp1L3zjeTbVRSIjEs4vjrQzRwl1lCgZfuQuyJejPO0=",
        "owner": "totto2727",
        "repo": "moonbit-overlay",
        "rev": "edb2305be607ab3569a1c78c5a5a6722512fd617",
        "type": "github"
      },
      "original": {
        "owner": "totto2727",
        "repo": "moonbit-overlay",
        "type": "github"
      }
    },
    "nix-darwin": {
      "inputs": {
        "nixpkgs": [
          "nixpkgs"
        ]
      },
      "locked": {
        "lastModified": 1786845137,
        "narHash": "sha256-oQFip+v0luP8NIxJzmiW4Wu8bILsbFWom5l0zonl8hQ=",
        "rev": "4cff07de74b50e64bdd68cd4e722ab5b6b35ee48",
        "revCount": 2406,
        "type": "tarball",
        "url": "https://api.flakehub.com/f/pinned/nix-darwin/nix-darwin/0.1.2406%2Brev-4cff07de74b50e64bdd68cd4e722ab5b6b35ee48/01a00885-93b1-7882-80a4-71d83ce85819/source.tar.gz"
      },
      "original": {
        "type": "tarball",
        "url": "https://flakehub.com/f/nix-darwin/nix-darwin/0.1"
      }
    },
    "nixpkgs": {
      "locked": {
        "lastModified": 1788039129,
        "narHash": "sha256-pa4Q0qErvCvzCaaUph7Sm37RhR4xvPrYI8Lgz6k85+A=",
        "rev": "d2f67949798825fe853f7c5d0492b8bf016d3f88",
        "revCount": 1064150,
        "type": "tarball",
        "url": "https://api.flakehub.com/f/pinned/NixOS/nixpkgs/0.1.1064150%2Brev-d2f67949798825fe853f7c5d0492b8bf016d3f88/01a053f3-33e5-7d60-88c4-9a0cf7a7004d/source.tar.gz"
      },
      "original": {
        "type": "tarball",
        "url": "https://flakehub.com/f/NixOS/nixpkgs/0.1"
      }
    },
    "npmpkgs": {
      "inputs": {
        "moonbit-overlay": [
          "moonbit-overlay"
        ],
        "nixpkgs": [
          "nixpkgs"
        ]
      },
      "locked": {
        "path": "../npm-package",
        "type": "path"
      },
      "original": {
        "path": "../npm-package",
        "type": "path"
      },
      "parent": []
    },
    "root": {
      "inputs": {
        "home-manager": "home-manager",
        "jcode-overlay": "jcode-overlay",
        "local-packages": "local-packages",
        "moonbit-overlay": "moonbit-overlay",
        "nix-darwin": "nix-darwin",
        "nixpkgs": "nixpkgs",
        "npmpkgs": "npmpkgs",
        "vite-plus-overlay": "vite-plus-overlay"
      }
    },
    "systems": {
      "locked": {
        "lastModified": 1681028828,
        "narHash": "sha256-Vy1rq5AaRuLzOxct8nz4T6wlgyUR7zLU309k9mBC768=",
        "owner": "nix-systems",
        "repo": "default",
        "rev": "da67096a3b9bf56a91d16901293e51ba5b49a27e",
        "type": "github"
      },
      "original": {
        "owner": "nix-systems",
        "repo": "default",
        "type": "github"
      }
    },
    "systems_2": {
      "locked": {
        "lastModified": 1776166891,
        "narHash": "sha256-bI8yrEGjrohR5hkQox7UrxDH7XqrYMwI8SL/LrJ1+S8=",
        "owner": "nix-systems",
        "repo": "triplet",
        "rev": "6de7bc09397911ce03636afbcf6118745ab2cda0",
        "type": "github"
      },
      "original": {
        "owner": "nix-systems",
        "repo": "triplet",
        "type": "github"
      }
    },
    "treefmt-nix": {
      "inputs": {
        "nixpkgs": [
          "moonbit-overlay",
          "nixpkgs"
        ]
      },
      "locked": {
        "lastModified": 1786901030,
        "narHash": "sha256-WSFCsDSE5ffgD2MqzkM2CYjeFiKhRF/dJUN8uedb6YE=",
        "owner": "numtide",
        "repo": "treefmt-nix",
        "rev": "27b3b12a8e6375f28ebe122f07d230ca5459bbfa",
        "type": "github"
      },
      "original": {
        "owner": "numtide",
        "repo": "treefmt-nix",
        "type": "github"
      }
    },
    "treefmt-nix_2": {
      "inputs": {
        "nixpkgs": [
          "vite-plus-overlay",
          "bun2nix",
          "nixpkgs"
        ]
      },
      "locked": {
        "lastModified": 1784369104,
        "narHash": "sha256-47cxbcZODibHv3rELFQ9vZly0vUNkND/atn/U7HLeb0=",
        "owner": "numtide",
        "repo": "treefmt-nix",
        "rev": "df3c0640565d04a0261253cdd89fce78ec50168a",
        "type": "github"
      },
      "original": {
        "owner": "numtide",
        "repo": "treefmt-nix",
        "type": "github"
      }
    },
    "vite-plus-overlay": {
      "inputs": {
        "bun2nix": "bun2nix",
        "nixpkgs": [
          "nixpkgs"
        ]
      },
      "locked": {
        "lastModified": 1787552119,
        "narHash": "sha256-1pxGSE8h3NaeoXNByEc5+poPiEXYYp/vgKkTRZ6jFjc=",
        "owner": "ryoppippi",
        "repo": "nix-vite-plus",
        "rev": "8a5fe101346dffd9433f8561ab1e97afb2711231",
        "type": "github"
      },
      "original": {
        "owner": "ryoppippi",
        "repo": "nix-vite-plus",
        "type": "github"
      }
    }
  },
  "root": "root",
  "version": 7
}
