{
  "nodes": {
    "home-manager": {
      "inputs": {
        "nixpkgs": [
          "nixpkgs"
        ]
      },
      "locked": {
        "lastModified": 1782704057,
        "narHash": "sha256-G1I1gd32F7mp9LAe1DaZ4ZL7NX5gyiKwdCMwro1Vrck=",
        "rev": "868d0a692de703c2de98fab61968e4e310b7c28e",
        "revCount": 6818,
        "type": "tarball",
        "url": "https://api.flakehub.com/f/pinned/nix-community/home-manager/0.2605.6818%2Brev-868d0a692de703c2de98fab61968e4e310b7c28e/019f1190-16ae-79b1-93cd-97924543ad07/source.tar.gz"
      },
      "original": {
        "type": "tarball",
        "url": "https://flakehub.com/f/nix-community/home-manager/%2A"
      }
    },
    "nix-darwin": {
      "inputs": {
        "nixpkgs": [
          "nixpkgs"
        ]
      },
      "locked": {
        "lastModified": 1781772065,
        "narHash": "sha256-xIbRSwDB1GBAUsWsQZUjudGfAGQt3BOpsWaO/ugVa4w=",
        "rev": "adda04f0bf4819575b1978c2f8d78401b3c2be12",
        "revCount": 2370,
        "type": "tarball",
        "url": "https://api.flakehub.com/f/pinned/nix-darwin/nix-darwin/0.2605.2370%2Brev-adda04f0bf4819575b1978c2f8d78401b3c2be12/019ed9fa-15f8-7483-92a6-2036c2d0f8b8/source.tar.gz"
      },
      "original": {
        "type": "tarball",
        "url": "https://flakehub.com/f/nix-darwin/nix-darwin/0"
      }
    },
    "nixpkgs": {
      "locked": {
        "lastModified": 1782691344,
        "narHash": "sha256-i5nw9BYYsMDAaOC4J+JmTof6b2GhlyH076awYRNrTV8=",
        "rev": "1f01958ffb5b3545c96d9ef2f4e24c5e5e1eb846",
        "revCount": 1007996,
        "type": "tarball",
        "url": "https://api.flakehub.com/f/pinned/NixOS/nixpkgs/0.2605.1007996%2Brev-1f01958ffb5b3545c96d9ef2f4e24c5e5e1eb846/019f19bc-94ea-7b92-942d-cc810f6af9b5/source.tar.gz"
      },
      "original": {
        "type": "tarball",
        "url": "https://flakehub.com/f/NixOS/nixpkgs/0"
      }
    },
    "npmpkgs": {
      "inputs": {
        "nixpkgs": [
          "nixpkgs"
        ]
      },
      "locked": {
        "path": "../npm-package",
        "type": "path"
      },
      "original": {
        "path": "../npm-package",
        "type": "path"
      },
      "parent": []
    },
    "root": {
      "inputs": {
        "home-manager": "home-manager",
        "nix-darwin": "nix-darwin",
        "nixpkgs": "nixpkgs",
        "npmpkgs": "npmpkgs"
      }
    }
  },
  "root": "root",
  "version": 7
}
