{
  "nodes": {
    "glossshift": {
      "inputs": {
        "nixpkgs": [
          "nixpkgs"
        ]
      },
      "locked": {
        "lastModified": 1788781796,
        "narHash": "sha256-k0M8IOs8fDkYHLR40nYUafUr/M4mVHIj2IyhThUTBZ4=",
        "rev": "e01b80b5e373a5ad6fa5f5ec424b1f2025334210",
        "revCount": 57,
        "type": "tarball",
        "url": "https://api.flakehub.com/f/pinned/totto2727-org/glossshift/0.1.57%2Brev-e01b80b5e373a5ad6fa5f5ec424b1f2025334210/01a07bb4-d107-7563-92ca-b2859733e353/source.tar.gz"
      },
      "original": {
        "type": "tarball",
        "url": "https://flakehub.com/f/totto2727-org/glossshift/0.1"
      }
    },
    "nixpkgs": {
      "locked": {
        "lastModified": 1788614874,
        "narHash": "sha256-7QYjT2vHLuX9Z1pdxHXDKCbh1CR3D/2rywB9Tx0MPRg=",
        "rev": "c043004d1c6985732bcc1cbc5a9c9aecbbb4e0f0",
        "revCount": 1068089,
        "type": "tarball",
        "url": "https://api.flakehub.com/f/pinned/NixOS/nixpkgs/0.1.1068089%2Brev-c043004d1c6985732bcc1cbc5a9c9aecbbb4e0f0/01a073a5-5a38-78c3-9b8b-836d542efc63/source.tar.gz"
      },
      "original": {
        "type": "tarball",
        "url": "https://flakehub.com/f/NixOS/nixpkgs/0.1"
      }
    },
    "root": {
      "inputs": {
        "glossshift": "glossshift",
        "nixpkgs": "nixpkgs"
      }
    }
  },
  "root": "root",
  "version": 7
}
